
Microsoft Visual Studio Solution File, Format Version 12.00
# Visual Studio Version 17
VisualStudioVersion = 17.13.35931.197 d17.13
MinimumVisualStudioVersion = 10.0.40219.1
Project("{2150E333-8FDC-42A3-9474-1A3956D46DE8}") = "1.Single Responsibility", "1.Single Responsibility", "{02EA681E-C7D8-13C7-8484-4AC65E1B71E8}"
EndProject
Project("{2150E333-8FDC-42A3-9474-1A3956D46DE8}") = "2.Open-Closed", "2.Open-Closed", "{0E9F3C36-0637-43D7-BA86-001BC34B9F5F}"
EndProject
Project("{2150E333-8FDC-42A3-9474-1A3956D46DE8}") = "3.Liskov Substitution", "3.Liskov Substitution", "{42A3E81D-01E6-4843-9878-1074452C0EFD}"
EndProject
Project("{2150E333-8FDC-42A3-9474-1A3956D46DE8}") = "4.Interface Segregation", "4.Interface Segregation", "{6DAE043B-2649-4B5F-9BAC-DA3B95BEDE0B}"
EndProject
Project("{2150E333-8FDC-42A3-9474-1A3956D46DE8}") = "5.Dependency Inversion", "5.Dependency Inversion", "{FF07E939-9391-4AC2-9C3D-B576E2750DA6}"
EndProject
Project("{FAE04EC0-301F-11D3-BF4B-00C04F79EFBC}") = "SRP", "..\SRP\SRP.csproj", "{00FAD180-55CA-44E9-B9D5-1639308B4EC5}"
EndProject
Project("{FAE04EC0-301F-11D3-BF4B-00C04F79EFBC}") = "SRP_Test", "..\SRP_Test\SRP_Test.csproj", "{BF02668D-EFFB-4D93-9096-5E25822CE2A7}"
EndProject
Project("{FAE04EC0-301F-11D3-BF4B-00C04F79EFBC}") = "OCP", "..\OCP\OCP.csproj", "{2A9918FE-482E-473F-A0D3-E632F4EC3C9A}"
EndProject
Project("{FAE04EC0-301F-11D3-BF4B-00C04F79EFBC}") = "OCP_Test", "..\OCP_Test\OCP_Test.csproj", "{563C2C1A-54CC-4D99-87D0-51B22D3E5FD5}"
EndProject
Project("{FAE04EC0-301F-11D3-BF4B-00C04F79EFBC}") = "LSP", "..\LSP\LSP.csproj", "{33BC542C-3FF3-4948-825D-2201F14082FD}"
EndProject
Project("{FAE04EC0-301F-11D3-BF4B-00C04F79EFBC}") = "LSP_Test", "..\LSP_Test\LSP_Test.csproj", "{AA1F0028-7A4B-43EE-BFEF-E00900A26479}"
EndProject
Project("{FAE04EC0-301F-11D3-BF4B-00C04F79EFBC}") = "ISP", "..\ISP\ISP.csproj", "{B8B50768-DAEA-4D49-A87E-C1E733B636DE}"
EndProject
Project("{FAE04EC0-301F-11D3-BF4B-00C04F79EFBC}") = "ISP_Test", "..\ISP_Test\ISP_Test.csproj", "{97E47DD3-BDAC-459B-B20F-94CEB8BE22E9}"
EndProject
Project("{FAE04EC0-301F-11D3-BF4B-00C04F79EFBC}") = "DIP", "..\DIP\DIP.csproj", "{FFBDF78F-4F04-4571-82E2-840B15289060}"
EndProject
Project("{FAE04EC0-301F-11D3-BF4B-00C04F79EFBC}") = "DIP_Test", "..\DIP_Test\DIP_Test.csproj", "{2FCCD44E-502C-41D7-A3A7-A4DFB2000ECA}"
EndProject
Global
	GlobalSection(SolutionConfigurationPlatforms) = preSolution
		Debug|Any CPU = Debug|Any CPU
		Release|Any CPU = Release|Any CPU
	EndGlobalSection
	GlobalSection(ProjectConfigurationPlatforms) = postSolution
		{00FAD180-55CA-44E9-B9D5-1639308B4EC5}.Debug|Any CPU.ActiveCfg = Debug|Any CPU
		{00FAD180-55CA-44E9-B9D5-1639308B4EC5}.Debug|Any CPU.Build.0 = Debug|Any CPU
		{00FAD180-55CA-44E9-B9D5-1639308B4EC5}.Release|Any CPU.ActiveCfg = Release|Any CPU
		{00FAD180-55CA-44E9-B9D5-1639308B4EC5}.Release|Any CPU.Build.0 = Release|Any CPU
		{BF02668D-EFFB-4D93-9096-5E25822CE2A7}.Debug|Any CPU.ActiveCfg = Debug|Any CPU
		{BF02668D-EFFB-4D93-9096-5E25822CE2A7}.Debug|Any CPU.Build.0 = Debug|Any CPU
		{BF02668D-EFFB-4D93-9096-5E25822CE2A7}.Release|Any CPU.ActiveCfg = Release|Any CPU
		{BF02668D-EFFB-4D93-9096-5E25822CE2A7}.Release|Any CPU.Build.0 = Release|Any CPU
		{2A9918FE-482E-473F-A0D3-E632F4EC3C9A}.Debug|Any CPU.ActiveCfg = Debug|Any CPU
		{2A9918FE-482E-473F-A0D3-E632F4EC3C9A}.Debug|Any CPU.Build.0 = Debug|Any CPU
		{2A9918FE-482E-473F-A0D3-E632F4EC3C9A}.Release|Any CPU.ActiveCfg = Release|Any CPU
		{2A9918FE-482E-473F-A0D3-E632F4EC3C9A}.Release|Any CPU.Build.0 = Release|Any CPU
		{563C2C1A-54CC-4D99-87D0-51B22D3E5FD5}.Debug|Any CPU.ActiveCfg = Debug|Any CPU
		{563C2C1A-54CC-4D99-87D0-51B22D3E5FD5}.Debug|Any CPU.Build.0 = Debug|Any CPU
		{563C2C1A-54CC-4D99-87D0-51B22D3E5FD5}.Release|Any CPU.ActiveCfg = Release|Any CPU
		{563C2C1A-54CC-4D99-87D0-51B22D3E5FD5}.Release|Any CPU.Build.0 = Release|Any CPU
		{33BC542C-3FF3-4948-825D-2201F14082FD}.Debug|Any CPU.ActiveCfg = Debug|Any CPU
		{33BC542C-3FF3-4948-825D-2201F14082FD}.Debug|Any CPU.Build.0 = Debug|Any CPU
		{33BC542C-3FF3-4948-825D-2201F14082FD}.Release|Any CPU.ActiveCfg = Release|Any CPU
		{33BC542C-3FF3-4948-825D-2201F14082FD}.Release|Any CPU.Build.0 = Release|Any CPU
		{AA1F0028-7A4B-43EE-BFEF-E00900A26479}.Debug|Any CPU.ActiveCfg = Debug|Any CPU
		{AA1F0028-7A4B-43EE-BFEF-E00900A26479}.Debug|Any CPU.Build.0 = Debug|Any CPU
		{AA1F0028-7A4B-43EE-BFEF-E00900A26479}.Release|Any CPU.ActiveCfg = Release|Any CPU
		{AA1F0028-7A4B-43EE-BFEF-E00900A26479}.Release|Any CPU.Build.0 = Release|Any CPU
		{B8B50768-DAEA-4D49-A87E-C1E733B636DE}.Debug|Any CPU.ActiveCfg = Debug|Any CPU
		{B8B50768-DAEA-4D49-A87E-C1E733B636DE}.Debug|Any CPU.Build.0 = Debug|Any CPU
		{B8B50768-DAEA-4D49-A87E-C1E733B636DE}.Release|Any CPU.ActiveCfg = Release|Any CPU
		{B8B50768-DAEA-4D49-A87E-C1E733B636DE}.Release|Any CPU.Build.0 = Release|Any CPU
		{97E47DD3-BDAC-459B-B20F-94CEB8BE22E9}.Debug|Any CPU.ActiveCfg = Debug|Any CPU
		{97E47DD3-BDAC-459B-B20F-94CEB8BE22E9}.Debug|Any CPU.Build.0 = Debug|Any CPU
		{97E47DD3-BDAC-459B-B20F-94CEB8BE22E9}.Release|Any CPU.ActiveCfg = Release|Any CPU
		{97E47DD3-BDAC-459B-B20F-94CEB8BE22E9}.Release|Any CPU.Build.0 = Release|Any CPU
		{FFBDF78F-4F04-4571-82E2-840B15289060}.Debug|Any CPU.ActiveCfg = Debug|Any CPU
		{FFBDF78F-4F04-4571-82E2-840B15289060}.Debug|Any CPU.Build.0 = Debug|Any CPU
		{FFBDF78F-4F04-4571-82E2-840B15289060}.Release|Any CPU.ActiveCfg = Release|Any CPU
		{FFBDF78F-4F04-4571-82E2-840B15289060}.Release|Any CPU.Build.0 = Release|Any CPU
		{2FCCD44E-502C-41D7-A3A7-A4DFB2000ECA}.Debug|Any CPU.ActiveCfg = Debug|Any CPU
		{2FCCD44E-502C-41D7-A3A7-A4DFB2000ECA}.Debug|Any CPU.Build.0 = Debug|Any CPU
		{2FCCD44E-502C-41D7-A3A7-A4DFB2000ECA}.Release|Any CPU.ActiveCfg = Release|Any CPU
		{2FCCD44E-502C-41D7-A3A7-A4DFB2000ECA}.Release|Any CPU.Build.0 = Release|Any CPU
	EndGlobalSection
	GlobalSection(SolutionProperties) = preSolution
		HideSolutionNode = FALSE
	EndGlobalSection
	GlobalSection(NestedProjects) = preSolution
		{00FAD180-55CA-44E9-B9D5-1639308B4EC5} = {02EA681E-C7D8-13C7-8484-4AC65E1B71E8}
		{BF02668D-EFFB-4D93-9096-5E25822CE2A7} = {02EA681E-C7D8-13C7-8484-4AC65E1B71E8}
		{2A9918FE-482E-473F-A0D3-E632F4EC3C9A} = {0E9F3C36-0637-43D7-BA86-001BC34B9F5F}
		{563C2C1A-54CC-4D99-87D0-51B22D3E5FD5} = {0E9F3C36-0637-43D7-BA86-001BC34B9F5F}
		{33BC542C-3FF3-4948-825D-2201F14082FD} = {42A3E81D-01E6-4843-9878-1074452C0EFD}
		{AA1F0028-7A4B-43EE-BFEF-E00900A26479} = {42A3E81D-01E6-4843-9878-1074452C0EFD}
		{B8B50768-DAEA-4D49-A87E-C1E733B636DE} = {6DAE043B-2649-4B5F-9BAC-DA3B95BEDE0B}
		{97E47DD3-BDAC-459B-B20F-94CEB8BE22E9} = {6DAE043B-2649-4B5F-9BAC-DA3B95BEDE0B}
		{FFBDF78F-4F04-4571-82E2-840B15289060} = {FF07E939-9391-4AC2-9C3D-B576E2750DA6}
		{2FCCD44E-502C-41D7-A3A7-A4DFB2000ECA} = {FF07E939-9391-4AC2-9C3D-B576E2750DA6}
	EndGlobalSection
	GlobalSection(ExtensibilityGlobals) = postSolution
		SolutionGuid = {508DC9D7-7D71-4A30-8145-11CC7B2B45D8}
	EndGlobalSection
EndGlobal
